
Microsoft Visual Studio Solution File, Format Version 12.00
# Visual Studio Version 16
VisualStudioVersion = 25.0.1705.0
MinimumVisualStudioVersion = 10.0.40219.1
Project("{FAE04EC0-301F-11D3-BF4B-00C04F79EFBC}") = "Raf.Api", "..\Executables\Raf.Api\Raf.Api.csproj", "{CF660D79-8820-4E6F-8720-DFCA8CB17510}"
EndProject
Global
	GlobalSection(SolutionConfigurationPlatforms) = preSolution
		Debug|Any CPU = Debug|Any CPU
		Release|Any CPU = Release|Any CPU
	EndGlobalSection
	GlobalSection(ProjectConfigurationPlatforms) = postSolution
		{CF660D79-8820-4E6F-8720-DFCA8CB17510}.Debug|Any CPU.ActiveCfg = Debug|Any CPU
		{CF660D79-8820-4E6F-8720-DFCA8CB17510}.Debug|Any CPU.Build.0 = Debug|Any CPU
		{CF660D79-8820-4E6F-8720-DFCA8CB17510}.Release|Any CPU.ActiveCfg = Release|Any CPU
		{CF660D79-8820-4E6F-8720-DFCA8CB17510}.Release|Any CPU.Build.0 = Release|Any CPU
	EndGlobalSection
	GlobalSection(SolutionProperties) = preSolution
		HideSolutionNode = FALSE
	EndGlobalSection
	GlobalSection(ExtensibilityGlobals) = postSolution
		SolutionGuid = {B839BDD4-C0F6-496B-B0F8-83DB6751EBC7}
	EndGlobalSection
EndGlobal
